
Microsoft Visual Studio Solution File, Format Version 12.00
# Visual Studio Version 17
VisualStudioVersion = 17.11.35219.272
MinimumVisualStudioVersion = 10.0.40219.1
Project("{2150E333-8FDC-42A3-9474-1A3956D46DE8}") = "!Framework", "!Framework", "{2477B3F6-2F98-4BF2-BC8B-5AECD9D2EC99}"
EndProject
Project("{FAE04EC0-301F-11D3-BF4B-00C04F79EFBC}") = "Framework", "Framework\Framework.csproj", "{6082A71B-E582-44A1-8BC1-5EDEFB26D9EB}"
EndProject
Global
	GlobalSection(SolutionConfigurationPlatforms) = preSolution
		Debug|Any CPU = Debug|Any CPU
		Release|Any CPU = Release|Any CPU
	EndGlobalSection
	GlobalSection(ProjectConfigurationPlatforms) = postSolution
		{6082A71B-E582-44A1-8BC1-5EDEFB26D9EB}.Debug|Any CPU.ActiveCfg = Debug|Any CPU
		{6082A71B-E582-44A1-8BC1-5EDEFB26D9EB}.Debug|Any CPU.Build.0 = Debug|Any CPU
		{6082A71B-E582-44A1-8BC1-5EDEFB26D9EB}.Release|Any CPU.ActiveCfg = Release|Any CPU
		{6082A71B-E582-44A1-8BC1-5EDEFB26D9EB}.Release|Any CPU.Build.0 = Release|Any CPU
	EndGlobalSection
	GlobalSection(SolutionProperties) = preSolution
		HideSolutionNode = FALSE
	EndGlobalSection
	GlobalSection(NestedProjects) = preSolution
		{6082A71B-E582-44A1-8BC1-5EDEFB26D9EB} = {2477B3F6-2F98-4BF2-BC8B-5AECD9D2EC99}
	EndGlobalSection
	GlobalSection(ExtensibilityGlobals) = postSolution
		SolutionGuid = {2C0FC387-B8DA-4AB9-9F72-BE84495A86F9}
	EndGlobalSection
EndGlobal
