
Microsoft Visual Studio Solution File, Format Version 12.00
# Visual Studio Version 17
VisualStudioVersion = 17.11.35219.272
MinimumVisualStudioVersion = 10.0.40219.1
Project("{2150E333-8FDC-42A3-9474-1A3956D46DE8}") = "!Framework", "!Framework", "{2477B3F6-2F98-4BF2-BC8B-5AECD9D2EC99}"
EndProject
Project("{9A19103F-16F7-4668-BE54-9A1E7A4F7556}") = "Framework", "Framework\Framework.csproj", "{6082A71B-E582-44A1-8BC1-5EDEFB26D9EB}"
EndProject
Project("{2150E333-8FDC-42A3-9474-1A3956D46DE8}") = "Domain", "Domain", "{6DFD7292-38B1-4B33-9E56-71E1B4F9F98E}"
EndProject
Project("{9A19103F-16F7-4668-BE54-9A1E7A4F7556}") = "Domain", "Domain\Domain.csproj", "{9821C21E-B470-4675-933A-1E7E5082422A}"
EndProject
Project("{2150E333-8FDC-42A3-9474-1A3956D46DE8}") = "Domain.Model", "Domain.Model", "{7602B134-BC61-488C-B54E-992F0F07887B}"
EndProject
Project("{2150E333-8FDC-42A3-9474-1A3956D46DE8}") = "Domain.Test", "Domain.Test", "{481857E5-A314-4B43-A426-601D9BEF2B1B}"
EndProject
Project("{FAE04EC0-301F-11D3-BF4B-00C04F79EFBC}") = "Test", "Test\Test.csproj", "{43CDA40E-21AD-49BD-A4BC-EC3D8E9C6CDE}"
EndProject
Project("{2150E333-8FDC-42A3-9474-1A3956D46DE8}") = "Infrastructure", "Infrastructure", "{B87E7929-BD1E-4EC1-8AC9-17E7E40C88FF}"
EndProject
Project("{FAE04EC0-301F-11D3-BF4B-00C04F79EFBC}") = "Persistence.EF", "Persistence.EF\Persistence.EF.csproj", "{D317E7CF-B8CD-4DB3-9BBA-A213E499D739}"
EndProject
Project("{2150E333-8FDC-42A3-9474-1A3956D46DE8}") = "ServiceApplication", "ServiceApplication", "{D5783DDC-AA6D-4424-90F8-E5DC7EF9D8E2}"
EndProject
Project("{FAE04EC0-301F-11D3-BF4B-00C04F79EFBC}") = "Application", "Application\Application.csproj", "{3B1431D0-3D49-479B-92CF-FA00A64AD59E}"
EndProject
Project("{FAE04EC0-301F-11D3-BF4B-00C04F79EFBC}") = "Application.Contract", "Application.Contract\Application.Contract.csproj", "{22C4EA2E-76BB-45CB-8A64-17C0877D7E0C}"
EndProject
Global
	GlobalSection(SolutionConfigurationPlatforms) = preSolution
		Debug|Any CPU = Debug|Any CPU
		Release|Any CPU = Release|Any CPU
	EndGlobalSection
	GlobalSection(ProjectConfigurationPlatforms) = postSolution
		{6082A71B-E582-44A1-8BC1-5EDEFB26D9EB}.Debug|Any CPU.ActiveCfg = Debug|Any CPU
		{6082A71B-E582-44A1-8BC1-5EDEFB26D9EB}.Debug|Any CPU.Build.0 = Debug|Any CPU
		{6082A71B-E582-44A1-8BC1-5EDEFB26D9EB}.Release|Any CPU.ActiveCfg = Release|Any CPU
		{6082A71B-E582-44A1-8BC1-5EDEFB26D9EB}.Release|Any CPU.Build.0 = Release|Any CPU
		{9821C21E-B470-4675-933A-1E7E5082422A}.Debug|Any CPU.ActiveCfg = Debug|Any CPU
		{9821C21E-B470-4675-933A-1E7E5082422A}.Debug|Any CPU.Build.0 = Debug|Any CPU
		{9821C21E-B470-4675-933A-1E7E5082422A}.Release|Any CPU.ActiveCfg = Release|Any CPU
		{9821C21E-B470-4675-933A-1E7E5082422A}.Release|Any CPU.Build.0 = Release|Any CPU
		{43CDA40E-21AD-49BD-A4BC-EC3D8E9C6CDE}.Debug|Any CPU.ActiveCfg = Debug|Any CPU
		{43CDA40E-21AD-49BD-A4BC-EC3D8E9C6CDE}.Debug|Any CPU.Build.0 = Debug|Any CPU
		{43CDA40E-21AD-49BD-A4BC-EC3D8E9C6CDE}.Release|Any CPU.ActiveCfg = Release|Any CPU
		{43CDA40E-21AD-49BD-A4BC-EC3D8E9C6CDE}.Release|Any CPU.Build.0 = Release|Any CPU
		{D317E7CF-B8CD-4DB3-9BBA-A213E499D739}.Debug|Any CPU.ActiveCfg = Debug|Any CPU
		{D317E7CF-B8CD-4DB3-9BBA-A213E499D739}.Debug|Any CPU.Build.0 = Debug|Any CPU
		{D317E7CF-B8CD-4DB3-9BBA-A213E499D739}.Release|Any CPU.ActiveCfg = Release|Any CPU
		{D317E7CF-B8CD-4DB3-9BBA-A213E499D739}.Release|Any CPU.Build.0 = Release|Any CPU
		{3B1431D0-3D49-479B-92CF-FA00A64AD59E}.Debug|Any CPU.ActiveCfg = Debug|Any CPU
		{3B1431D0-3D49-479B-92CF-FA00A64AD59E}.Debug|Any CPU.Build.0 = Debug|Any CPU
		{3B1431D0-3D49-479B-92CF-FA00A64AD59E}.Release|Any CPU.ActiveCfg = Release|Any CPU
		{3B1431D0-3D49-479B-92CF-FA00A64AD59E}.Release|Any CPU.Build.0 = Release|Any CPU
		{22C4EA2E-76BB-45CB-8A64-17C0877D7E0C}.Debug|Any CPU.ActiveCfg = Debug|Any CPU
		{22C4EA2E-76BB-45CB-8A64-17C0877D7E0C}.Debug|Any CPU.Build.0 = Debug|Any CPU
		{22C4EA2E-76BB-45CB-8A64-17C0877D7E0C}.Release|Any CPU.ActiveCfg = Release|Any CPU
		{22C4EA2E-76BB-45CB-8A64-17C0877D7E0C}.Release|Any CPU.Build.0 = Release|Any CPU
	EndGlobalSection
	GlobalSection(SolutionProperties) = preSolution
		HideSolutionNode = FALSE
	EndGlobalSection
	GlobalSection(NestedProjects) = preSolution
		{6082A71B-E582-44A1-8BC1-5EDEFB26D9EB} = {2477B3F6-2F98-4BF2-BC8B-5AECD9D2EC99}
		{9821C21E-B470-4675-933A-1E7E5082422A} = {7602B134-BC61-488C-B54E-992F0F07887B}
		{7602B134-BC61-488C-B54E-992F0F07887B} = {6DFD7292-38B1-4B33-9E56-71E1B4F9F98E}
		{481857E5-A314-4B43-A426-601D9BEF2B1B} = {6DFD7292-38B1-4B33-9E56-71E1B4F9F98E}
		{43CDA40E-21AD-49BD-A4BC-EC3D8E9C6CDE} = {481857E5-A314-4B43-A426-601D9BEF2B1B}
		{D317E7CF-B8CD-4DB3-9BBA-A213E499D739} = {B87E7929-BD1E-4EC1-8AC9-17E7E40C88FF}
		{3B1431D0-3D49-479B-92CF-FA00A64AD59E} = {D5783DDC-AA6D-4424-90F8-E5DC7EF9D8E2}
		{22C4EA2E-76BB-45CB-8A64-17C0877D7E0C} = {D5783DDC-AA6D-4424-90F8-E5DC7EF9D8E2}
	EndGlobalSection
	GlobalSection(ExtensibilityGlobals) = postSolution
		SolutionGuid = {2C0FC387-B8DA-4AB9-9F72-BE84495A86F9}
	EndGlobalSection
EndGlobal
